
Microsoft Visual Studio Solution File, Format Version 12.00
# Visual Studio Version 16
VisualStudioVersion = 16.0.30611.23
MinimumVisualStudioVersion = 10.0.40219.1
Project("{FAE04EC0-301F-11D3-BF4B-00C04F79EFBC}") = "PlasmaFinder", "PlasmaFinder\PlasmaFinder.csproj", "{6F6934A1-EC22-4DA4-B2A7-9B5BA33173E4}"
EndProject
Global
	GlobalSection(SolutionConfigurationPlatforms) = preSolution
		Debug|Any CPU = Debug|Any CPU
		Release|Any CPU = Release|Any CPU
	EndGlobalSection
	GlobalSection(ProjectConfigurationPlatforms) = postSolution
		{6F6934A1-EC22-4DA4-B2A7-9B5BA33173E4}.Debug|Any CPU.ActiveCfg = Debug|Any CPU
		{6F6934A1-EC22-4DA4-B2A7-9B5BA33173E4}.Debug|Any CPU.Build.0 = Debug|Any CPU
		{6F6934A1-EC22-4DA4-B2A7-9B5BA33173E4}.Release|Any CPU.ActiveCfg = Release|Any CPU
		{6F6934A1-EC22-4DA4-B2A7-9B5BA33173E4}.Release|Any CPU.Build.0 = Release|Any CPU
	EndGlobalSection
	GlobalSection(SolutionProperties) = preSolution
		HideSolutionNode = FALSE
	EndGlobalSection
	GlobalSection(ExtensibilityGlobals) = postSolution
		SolutionGuid = {286DA2C0-FA7F-4DEA-9435-10FB9A3C0B18}
	EndGlobalSection
EndGlobal
